{
  "version": 4,
  "terraform_version": "1.14.0",
  "serial": 39,
  "lineage": "f51a4a2d-d299-e6f2-c6af-535e22aecece",
  "outputs": {
    "api_gateway_id": {
      "value": "idnlplugj4",
      "type": "string"
    },
    "api_gateway_stage": {
      "value": "prod",
      "type": "string"
    },
    "api_gateway_url": {
      "value": "https://idnlplugj4.execute-api.us-east-2.amazonaws.com/prod/catalog/update",
      "type": "string"
    },
    "lambda_function_arn": {
      "value": "arn:aws:lambda:us-east-2:085089485370:function:updateProductsFunction",
      "type": "string"
    },
    "lambda_function_name": {
      "value": "updateProductsFunction",
      "type": "string"
    },
    "redis_endpoint": {
      "value": "my-redis-cluster.87s0se.0001.use2.cache.amazonaws.com:6379",
      "type": "string"
    },
    "redis_port": {
      "value": 6379,
      "type": "number"
    },
    "s3_bucket_arn": {
      "value": "arn:aws:s3:::catalog-uploads-bucket",
      "type": "string"
    },
    "s3_bucket_name": {
      "value": "catalog-uploads-bucket",
      "type": "string"
    },
    "vpc_endpoint_s3_id": {
      "value": "vpce-0b49f207239da83d8",
      "type": "string"
    }
  },
  "resources": [
    {
      "mode": "data",
      "type": "archive_file",
      "name": "lambda_function",
      "provider": "provider[\"registry.terraform.io/hashicorp/archive\"]",
      "instances": [
        {
          "schema_version": 0,
          "attributes": {
            "exclude_symlink_directories": null,
            "excludes": null,
            "id": "0cc32bd236116885b84835c326fdef724df271a3",
            "output_base64sha256": "sBx1JBqf0nKZclxfGvSyV2Fsc8G5QLOLqJI/ZjSJfQQ=",
            "output_base64sha512": "Ontwv/zMqX+CluOkzuLuttMKW5eFO4MX+NIlUUhMJDe0ES5dGG9/iSJ0IrFWP9a76Iue+0iZAN9ymC5V+1hf2A==",
            "output_file_mode": null,
            "output_md5": "8ae7a1347ee7d42fbf8d81736bc3a607",
            "output_path": "./../../lambda_function.zip",
            "output_sha": "0cc32bd236116885b84835c326fdef724df271a3",
            "output_sha256": "b01c75241a9fd27299725c5f1af4b257616c73c1b940b38ba8923f6634897d04",
            "output_sha512": "3a7b70bffccca97f8296e3a4cee2eeb6d30a5b97853b8317f8d22551484c2437b4112e5d186f7f89227422b1563fd6bbe88b9efb489900df72982e55fb585fd8",
            "output_size": 313218,
            "source": [],
            "source_content": null,
            "source_content_filename": null,
            "source_dir": "./../app/dist",
            "source_file": null,
            "type": "zip"
          },
          "sensitive_attributes": [],
          "identity_schema_version": 0
        }
      ]
    },
    {
      "mode": "data",
      "type": "aws_availability_zones",
      "name": "available",
      "provider": "provider[\"registry.terraform.io/hashicorp/aws\"]",
      "instances": [
        {
          "schema_version": 0,
          "attributes": {
            "all_availability_zones": null,
            "exclude_names": null,
            "exclude_zone_ids": null,
            "filter": null,
            "group_names": [
              "us-east-2-zg-1"
            ],
            "id": "us-east-2",
            "names": [
              "us-east-2a",
              "us-east-2b",
              "us-east-2c"
            ],
            "state": "available",
            "timeouts": null,
            "zone_ids": [
              "use2-az1",
              "use2-az2",
              "use2-az3"
            ]
          },
          "sensitive_attributes": [],
          "identity_schema_version": 0
        }
      ]
    },
    {
      "mode": "data",
      "type": "aws_iam_policy_document",
      "name": "lambda_policy_doc",
      "provider": "provider[\"registry.terraform.io/hashicorp/aws\"]",
      "instances": [
        {
          "schema_version": 0,
          "attributes": {
            "id": "2991405265",
            "json": "{\n  \"Version\": \"2012-10-17\",\n  \"Statement\": [\n    {\n      \"Effect\": \"Allow\",\n      \"Action\": [\n        \"logs:PutLogEvents\",\n        \"logs:CreateLogStream\",\n        \"logs:CreateLogGroup\"\n      ],\n      \"Resource\": \"arn:aws:logs:*:*:*\"\n    },\n    {\n      \"Effect\": \"Allow\",\n      \"Action\": [\n        \"ec2:DetachNetworkInterface\",\n        \"ec2:DescribeNetworkInterfaces\",\n        \"ec2:DeleteNetworkInterface\",\n        \"ec2:CreateNetworkInterface\",\n        \"ec2:AttachNetworkInterface\"\n      ],\n      \"Resource\": \"*\"\n    },\n    {\n      \"Effect\": \"Allow\",\n      \"Action\": [\n        \"s3:PutObject\",\n        \"s3:ListBucket\",\n        \"s3:GetObject\",\n        \"s3:DeleteObject\"\n      ],\n      \"Resource\": [\n        \"arn:aws:s3:::catalog-uploads-bucket/*\",\n        \"arn:aws:s3:::catalog-uploads-bucket\"\n      ]\n    }\n  ]\n}",
            "minified_json": "{\"Version\":\"2012-10-17\",\"Statement\":[{\"Effect\":\"Allow\",\"Action\":[\"logs:PutLogEvents\",\"logs:CreateLogStream\",\"logs:CreateLogGroup\"],\"Resource\":\"arn:aws:logs:*:*:*\"},{\"Effect\":\"Allow\",\"Action\":[\"ec2:DetachNetworkInterface\",\"ec2:DescribeNetworkInterfaces\",\"ec2:DeleteNetworkInterface\",\"ec2:CreateNetworkInterface\",\"ec2:AttachNetworkInterface\"],\"Resource\":\"*\"},{\"Effect\":\"Allow\",\"Action\":[\"s3:PutObject\",\"s3:ListBucket\",\"s3:GetObject\",\"s3:DeleteObject\"],\"Resource\":[\"arn:aws:s3:::catalog-uploads-bucket/*\",\"arn:aws:s3:::catalog-uploads-bucket\"]}]}",
            "override_json": null,
            "override_policy_documents": null,
            "policy_id": null,
            "source_json": null,
            "source_policy_documents": null,
            "statement": [
              {
                "actions": [
                  "logs:CreateLogGroup",
                  "logs:CreateLogStream",
                  "logs:PutLogEvents"
                ],
                "condition": [],
                "effect": "Allow",
                "not_actions": [],
                "not_principals": [],
                "not_resources": [],
                "principals": [],
                "resources": [
                  "arn:aws:logs:*:*:*"
                ],
                "sid": ""
              },
              {
                "actions": [
                  "ec2:AttachNetworkInterface",
                  "ec2:CreateNetworkInterface",
                  "ec2:DeleteNetworkInterface",
                  "ec2:DescribeNetworkInterfaces",
                  "ec2:DetachNetworkInterface"
                ],
                "condition": [],
                "effect": "Allow",
                "not_actions": [],
                "not_principals": [],
                "not_resources": [],
                "principals": [],
                "resources": [
                  "*"
                ],
                "sid": ""
              },
              {
                "actions": [
                  "s3:DeleteObject",
                  "s3:GetObject",
                  "s3:ListBucket",
                  "s3:PutObject"
                ],
                "condition": [],
                "effect": "Allow",
                "not_actions": [],
                "not_principals": [],
                "not_resources": [],
                "principals": [],
                "resources": [
                  "arn:aws:s3:::catalog-uploads-bucket",
                  "arn:aws:s3:::catalog-uploads-bucket/*"
                ],
                "sid": ""
              }
            ],
            "version": "2012-10-17"
          },
          "sensitive_attributes": [],
          "identity_schema_version": 0
        }
      ]
    },
    {
      "mode": "managed",
      "type": "aws_api_gateway_deployment",
      "name": "lambda_deployment",
      "provider": "provider[\"registry.terraform.io/hashicorp/aws\"]",
      "instances": [
        {
          "schema_version": 0,
          "attributes": {
            "canary_settings": [],
            "created_date": "2025-10-15T02:09:03Z",
            "description": "",
            "execution_arn": "arn:aws:execute-api:us-east-2:085089485370:idnlplugj4/",
            "id": "1ryd4g",
            "invoke_url": "https://idnlplugj4.execute-api.us-east-2.amazonaws.com/",
            "rest_api_id": "idnlplugj4",
            "stage_description": null,
            "stage_name": null,
            "triggers": {
              "redeployment": "44cb5a90c37c07da295b76122d1c812b88a40c42"
            },
            "variables": null
          },
          "sensitive_attributes": [],
          "identity_schema_version": 0,
          "private": "bnVsbA==",
          "dependencies": [
            "aws_api_gateway_integration.lambda_integration",
            "aws_api_gateway_integration_response.response_200",
            "aws_api_gateway_method.post_method",
            "aws_api_gateway_method_response.response_200",
            "aws_api_gateway_resource.catalog_resource",
            "aws_api_gateway_resource.update_resource",
            "aws_api_gateway_rest_api.lambda_api",
            "aws_elasticache_cluster.redis_cluster",
            "aws_elasticache_subnet_group.redis_subnet_group",
            "aws_iam_role.lambda_role",
            "aws_iam_role_policy.lambda_policy",
            "aws_lambda_function.redis_lambda",
            "aws_s3_bucket.catalog_uploads",
            "aws_security_group.lambda_security_group",
            "aws_security_group.redis_security_group",
            "aws_subnet.private",
            "aws_vpc.main",
            "data.archive_file.lambda_function",
            "data.aws_availability_zones.available",
            "data.aws_iam_policy_document.lambda_policy_doc"
          ],
          "create_before_destroy": true
        }
      ]
    },
    {
      "mode": "managed",
      "type": "aws_api_gateway_integration",
      "name": "lambda_integration",
      "provider": "provider[\"registry.terraform.io/hashicorp/aws\"]",
      "instances": [
        {
          "schema_version": 0,
          "attributes": {
            "cache_key_parameters": [],
            "cache_namespace": "9p6d7j",
            "connection_id": "",
            "connection_type": "INTERNET",
            "content_handling": "",
            "credentials": "",
            "http_method": "POST",
            "id": "agi-idnlplugj4-9p6d7j-POST",
            "integration_http_method": "POST",
            "passthrough_behavior": "WHEN_NO_MATCH",
            "request_parameters": {},
            "request_templates": {},
            "resource_id": "9p6d7j",
            "rest_api_id": "idnlplugj4",
            "timeout_milliseconds": 29000,
            "tls_config": [],
            "type": "AWS_PROXY",
            "uri": "arn:aws:apigateway:us-east-2:lambda:path/2015-03-31/functions/arn:aws:lambda:us-east-2:085089485370:function:updateProductsFunction/invocations"
          },
          "sensitive_attributes": [],
          "identity_schema_version": 0,
          "private": "bnVsbA==",
          "dependencies": [
            "aws_api_gateway_method.post_method",
            "aws_api_gateway_resource.catalog_resource",
            "aws_api_gateway_resource.update_resource",
            "aws_api_gateway_rest_api.lambda_api",
            "aws_elasticache_cluster.redis_cluster",
            "aws_elasticache_subnet_group.redis_subnet_group",
            "aws_iam_role.lambda_role",
            "aws_iam_role_policy.lambda_policy",
            "aws_lambda_function.redis_lambda",
            "aws_s3_bucket.catalog_uploads",
            "aws_security_group.lambda_security_group",
            "aws_security_group.redis_security_group",
            "aws_subnet.private",
            "aws_vpc.main",
            "data.archive_file.lambda_function",
            "data.aws_availability_zones.available",
            "data.aws_iam_policy_document.lambda_policy_doc"
          ],
          "create_before_destroy": true
        }
      ]
    },
    {
      "mode": "managed",
      "type": "aws_api_gateway_integration_response",
      "name": "response_200",
      "provider": "provider[\"registry.terraform.io/hashicorp/aws\"]",
      "instances": [
        {
          "schema_version": 0,
          "attributes": {
            "content_handling": "",
            "http_method": "POST",
            "id": "agir-idnlplugj4-9p6d7j-POST-200",
            "resource_id": "9p6d7j",
            "response_parameters": {
              "method.response.header.Access-Control-Allow-Origin": "'*'"
            },
            "response_templates": {},
            "rest_api_id": "idnlplugj4",
            "selection_pattern": "",
            "status_code": "200"
          },
          "sensitive_attributes": [],
          "identity_schema_version": 0,
          "private": "bnVsbA==",
          "dependencies": [
            "aws_api_gateway_integration.lambda_integration",
            "aws_api_gateway_method.post_method",
            "aws_api_gateway_method_response.response_200",
            "aws_api_gateway_resource.catalog_resource",
            "aws_api_gateway_resource.update_resource",
            "aws_api_gateway_rest_api.lambda_api",
            "aws_elasticache_cluster.redis_cluster",
            "aws_elasticache_subnet_group.redis_subnet_group",
            "aws_iam_role.lambda_role",
            "aws_iam_role_policy.lambda_policy",
            "aws_lambda_function.redis_lambda",
            "aws_s3_bucket.catalog_uploads",
            "aws_security_group.lambda_security_group",
            "aws_security_group.redis_security_group",
            "aws_subnet.private",
            "aws_vpc.main",
            "data.archive_file.lambda_function",
            "data.aws_availability_zones.available",
            "data.aws_iam_policy_document.lambda_policy_doc"
          ],
          "create_before_destroy": true
        }
      ]
    },
    {
      "mode": "managed",
      "type": "aws_api_gateway_method",
      "name": "post_method",
      "provider": "provider[\"registry.terraform.io/hashicorp/aws\"]",
      "instances": [
        {
          "schema_version": 0,
          "attributes": {
            "api_key_required": false,
            "authorization": "NONE",
            "authorization_scopes": [],
            "authorizer_id": "",
            "http_method": "POST",
            "id": "agm-idnlplugj4-9p6d7j-POST",
            "operation_name": "",
            "request_models": {},
            "request_parameters": {},
            "request_validator_id": "",
            "resource_id": "9p6d7j",
            "rest_api_id": "idnlplugj4"
          },
          "sensitive_attributes": [],
          "identity_schema_version": 0,
          "private": "bnVsbA==",
          "dependencies": [
            "aws_api_gateway_resource.catalog_resource",
            "aws_api_gateway_resource.update_resource",
            "aws_api_gateway_rest_api.lambda_api"
          ],
          "create_before_destroy": true
        }
      ]
    },
    {
      "mode": "managed",
      "type": "aws_api_gateway_method_response",
      "name": "response_200",
      "provider": "provider[\"registry.terraform.io/hashicorp/aws\"]",
      "instances": [
        {
          "schema_version": 0,
          "attributes": {
            "http_method": "POST",
            "id": "agmr-idnlplugj4-9p6d7j-POST-200",
            "resource_id": "9p6d7j",
            "response_models": {},
            "response_parameters": {
              "method.response.header.Access-Control-Allow-Origin": true
            },
            "rest_api_id": "idnlplugj4",
            "status_code": "200"
          },
          "sensitive_attributes": [],
          "identity_schema_version": 0,
          "private": "bnVsbA==",
          "dependencies": [
            "aws_api_gateway_method.post_method",
            "aws_api_gateway_resource.catalog_resource",
            "aws_api_gateway_resource.update_resource",
            "aws_api_gateway_rest_api.lambda_api"
          ],
          "create_before_destroy": true
        }
      ]
    },
    {
      "mode": "managed",
      "type": "aws_api_gateway_method_settings",
      "name": "all",
      "provider": "provider[\"registry.terraform.io/hashicorp/aws\"]",
      "instances": [
        {
          "schema_version": 0,
          "attributes": {
            "id": "idnlplugj4-prod-*/*",
            "method_path": "*/*",
            "rest_api_id": "idnlplugj4",
            "settings": [
              {
                "cache_data_encrypted": false,
                "cache_ttl_in_seconds": 300,
                "caching_enabled": false,
                "data_trace_enabled": false,
                "logging_level": "OFF",
                "metrics_enabled": true,
                "require_authorization_for_cache_control": true,
                "throttling_burst_limit": 5000,
                "throttling_rate_limit": 10000,
                "unauthorized_cache_control_header_strategy": "SUCCEED_WITH_RESPONSE_HEADER"
              }
            ],
            "stage_name": "prod"
          },
          "sensitive_attributes": [],
          "identity_schema_version": 0,
          "private": "bnVsbA==",
          "dependencies": [
            "aws_api_gateway_deployment.lambda_deployment",
            "aws_api_gateway_integration.lambda_integration",
            "aws_api_gateway_integration_response.response_200",
            "aws_api_gateway_method.post_method",
            "aws_api_gateway_method_response.response_200",
            "aws_api_gateway_resource.catalog_resource",
            "aws_api_gateway_resource.update_resource",
            "aws_api_gateway_rest_api.lambda_api",
            "aws_api_gateway_stage.prod_stage",
            "aws_elasticache_cluster.redis_cluster",
            "aws_elasticache_subnet_group.redis_subnet_group",
            "aws_iam_role.lambda_role",
            "aws_iam_role_policy.lambda_policy",
            "aws_lambda_function.redis_lambda",
            "aws_s3_bucket.catalog_uploads",
            "aws_security_group.lambda_security_group",
            "aws_security_group.redis_security_group",
            "aws_subnet.private",
            "aws_vpc.main",
            "data.archive_file.lambda_function",
            "data.aws_availability_zones.available",
            "data.aws_iam_policy_document.lambda_policy_doc"
          ]
        }
      ]
    },
    {
      "mode": "managed",
      "type": "aws_api_gateway_resource",
      "name": "catalog_resource",
      "provider": "provider[\"registry.terraform.io/hashicorp/aws\"]",
      "instances": [
        {
          "schema_version": 0,
          "attributes": {
            "id": "fufqn3",
            "parent_id": "vzu9ggj05l",
            "path": "/catalog",
            "path_part": "catalog",
            "rest_api_id": "idnlplugj4"
          },
          "sensitive_attributes": [],
          "identity_schema_version": 0,
          "private": "bnVsbA==",
          "dependencies": [
            "aws_api_gateway_rest_api.lambda_api"
          ],
          "create_before_destroy": true
        }
      ]
    },
    {
      "mode": "managed",
      "type": "aws_api_gateway_resource",
      "name": "update_resource",
      "provider": "provider[\"registry.terraform.io/hashicorp/aws\"]",
      "instances": [
        {
          "schema_version": 0,
          "attributes": {
            "id": "9p6d7j",
            "parent_id": "fufqn3",
            "path": "/catalog/update",
            "path_part": "update",
            "rest_api_id": "idnlplugj4"
          },
          "sensitive_attributes": [],
          "identity_schema_version": 0,
          "private": "bnVsbA==",
          "dependencies": [
            "aws_api_gateway_resource.catalog_resource",
            "aws_api_gateway_rest_api.lambda_api"
          ],
          "create_before_destroy": true
        }
      ]
    },
    {
      "mode": "managed",
      "type": "aws_api_gateway_rest_api",
      "name": "lambda_api",
      "provider": "provider[\"registry.terraform.io/hashicorp/aws\"]",
      "instances": [
        {
          "schema_version": 0,
          "attributes": {
            "api_key_source": "HEADER",
            "arn": "arn:aws:apigateway:us-east-2::/restapis/idnlplugj4",
            "binary_media_types": [],
            "body": null,
            "created_date": "2025-10-15T01:56:53Z",
            "description": "API Gateway for Lambda function ",
            "disable_execute_api_endpoint": false,
            "endpoint_configuration": [
              {
                "ip_address_type": "ipv4",
                "types": [
                  "REGIONAL"
                ],
                "vpc_endpoint_ids": []
              }
            ],
            "execution_arn": "arn:aws:execute-api:us-east-2:085089485370:idnlplugj4",
            "fail_on_warnings": null,
            "id": "idnlplugj4",
            "minimum_compression_size": "",
            "name": "updateProductsFunction-api",
            "parameters": null,
            "policy": "",
            "put_rest_api_mode": null,
            "root_resource_id": "vzu9ggj05l",
            "tags": {},
            "tags_all": {}
          },
          "sensitive_attributes": [],
          "identity_schema_version": 0,
          "private": "bnVsbA==",
          "create_before_destroy": true
        }
      ]
    },
    {
      "mode": "managed",
      "type": "aws_api_gateway_stage",
      "name": "prod_stage",
      "provider": "provider[\"registry.terraform.io/hashicorp/aws\"]",
      "instances": [
        {
          "schema_version": 0,
          "attributes": {
            "access_log_settings": [],
            "arn": "arn:aws:apigateway:us-east-2::/restapis/idnlplugj4/stages/prod",
            "cache_cluster_enabled": false,
            "cache_cluster_size": "",
            "canary_settings": [],
            "client_certificate_id": "",
            "deployment_id": "1ryd4g",
            "description": "",
            "documentation_version": "",
            "execution_arn": "arn:aws:execute-api:us-east-2:085089485370:idnlplugj4/prod",
            "id": "ags-idnlplugj4-prod",
            "invoke_url": "https://idnlplugj4.execute-api.us-east-2.amazonaws.com/prod",
            "rest_api_id": "idnlplugj4",
            "stage_name": "prod",
            "tags": {
              "Environment": "Production",
              "Tier": "Free"
            },
            "tags_all": {
              "Environment": "Production",
              "Tier": "Free"
            },
            "variables": {},
            "web_acl_arn": "",
            "xray_tracing_enabled": false
          },
          "sensitive_attributes": [],
          "identity_schema_version": 0,
          "private": "bnVsbA==",
          "dependencies": [
            "aws_api_gateway_deployment.lambda_deployment",
            "aws_api_gateway_integration.lambda_integration",
            "aws_api_gateway_integration_response.response_200",
            "aws_api_gateway_method.post_method",
            "aws_api_gateway_method_response.response_200",
            "aws_api_gateway_resource.catalog_resource",
            "aws_api_gateway_resource.update_resource",
            "aws_api_gateway_rest_api.lambda_api",
            "aws_elasticache_cluster.redis_cluster",
            "aws_elasticache_subnet_group.redis_subnet_group",
            "aws_iam_role.lambda_role",
            "aws_iam_role_policy.lambda_policy",
            "aws_lambda_function.redis_lambda",
            "aws_s3_bucket.catalog_uploads",
            "aws_security_group.lambda_security_group",
            "aws_security_group.redis_security_group",
            "aws_subnet.private",
            "aws_vpc.main",
            "data.archive_file.lambda_function",
            "data.aws_availability_zones.available",
            "data.aws_iam_policy_document.lambda_policy_doc"
          ]
        }
      ]
    },
    {
      "mode": "managed",
      "type": "aws_cloudwatch_log_group",
      "name": "api_gateway_logs",
      "provider": "provider[\"registry.terraform.io/hashicorp/aws\"]",
      "instances": [
        {
          "schema_version": 0,
          "attributes": {
            "arn": "arn:aws:logs:us-east-2:085089485370:log-group:/aws/apigateway/updateProductsFunction-api",
            "id": "/aws/apigateway/updateProductsFunction-api",
            "kms_key_id": "",
            "log_group_class": "STANDARD",
            "name": "/aws/apigateway/updateProductsFunction-api",
            "name_prefix": "",
            "retention_in_days": 7,
            "skip_destroy": false,
            "tags": {
              "Environment": "Production"
            },
            "tags_all": {
              "Environment": "Production"
            }
          },
          "sensitive_attributes": [],
          "identity_schema_version": 0,
          "private": "bnVsbA=="
        }
      ]
    },
    {
      "mode": "managed",
      "type": "aws_elasticache_cluster",
      "name": "redis_cluster",
      "provider": "provider[\"registry.terraform.io/hashicorp/aws\"]",
      "instances": [
        {
          "schema_version": 0,
          "attributes": {
            "apply_immediately": null,
            "arn": "arn:aws:elasticache:us-east-2:085089485370:cluster:my-redis-cluster",
            "auto_minor_version_upgrade": "true",
            "availability_zone": "us-east-2b",
            "az_mode": "single-az",
            "cache_nodes": [
              {
                "address": "my-redis-cluster.87s0se.0001.use2.cache.amazonaws.com",
                "availability_zone": "us-east-2b",
                "id": "0001",
                "outpost_arn": "",
                "port": 6379
              }
            ],
            "cluster_address": null,
            "cluster_id": "my-redis-cluster",
            "configuration_endpoint": null,
            "engine": "redis",
            "engine_version": "7.1",
            "engine_version_actual": "7.1.0",
            "final_snapshot_identifier": null,
            "id": "my-redis-cluster",
            "ip_discovery": "ipv4",
            "log_delivery_configuration": [],
            "maintenance_window": "fri:03:00-fri:04:00",
            "network_type": "ipv4",
            "node_type": "cache.t3.micro",
            "notification_topic_arn": null,
            "num_cache_nodes": 1,
            "outpost_mode": null,
            "parameter_group_name": "default.redis7",
            "port": 6379,
            "preferred_availability_zones": null,
            "preferred_outpost_arn": "",
            "replication_group_id": "",
            "security_group_ids": [
              "sg-0e8a1a83a8d0bc0ab"
            ],
            "snapshot_arns": null,
            "snapshot_name": null,
            "snapshot_retention_limit": 0,
            "snapshot_window": "05:30-06:30",
            "subnet_group_name": "my-redis-cluster-subnet-group",
            "tags": {},
            "tags_all": {},
            "timeouts": null,
            "transit_encryption_enabled": false
          },
          "sensitive_attributes": [],
          "identity_schema_version": 0,
          "private": "eyJlMmJmYjczMC1lY2FhLTExZTYtOGY4OC0zNDM2M2JjN2M0YzAiOnsiY3JlYXRlIjoyNDAwMDAwMDAwMDAwLCJkZWxldGUiOjI0MDAwMDAwMDAwMDAsInVwZGF0ZSI6NDgwMDAwMDAwMDAwMH19",
          "dependencies": [
            "aws_elasticache_subnet_group.redis_subnet_group",
            "aws_security_group.lambda_security_group",
            "aws_security_group.redis_security_group",
            "aws_subnet.private",
            "aws_vpc.main",
            "data.aws_availability_zones.available"
          ],
          "create_before_destroy": true
        }
      ]
    },
    {
      "mode": "managed",
      "type": "aws_elasticache_subnet_group",
      "name": "redis_subnet_group",
      "provider": "provider[\"registry.terraform.io/hashicorp/aws\"]",
      "instances": [
        {
          "schema_version": 0,
          "attributes": {
            "arn": "arn:aws:elasticache:us-east-2:085089485370:subnetgroup:my-redis-cluster-subnet-group",
            "description": "Managed by Terraform",
            "id": "my-redis-cluster-subnet-group",
            "name": "my-redis-cluster-subnet-group",
            "subnet_ids": [
              "subnet-070cc0250fa2adc7c",
              "subnet-0d08a3f153ee4fa86"
            ],
            "tags": {},
            "tags_all": {},
            "vpc_id": "vpc-08765702ccf77c239"
          },
          "sensitive_attributes": [],
          "identity_schema_version": 0,
          "private": "bnVsbA==",
          "dependencies": [
            "aws_subnet.private",
            "aws_vpc.main",
            "data.aws_availability_zones.available"
          ],
          "create_before_destroy": true
        }
      ]
    },
    {
      "mode": "managed",
      "type": "aws_iam_role",
      "name": "lambda_role",
      "provider": "provider[\"registry.terraform.io/hashicorp/aws\"]",
      "instances": [
        {
          "schema_version": 0,
          "attributes": {
            "arn": "arn:aws:iam::085089485370:role/updateProductsFunction-role",
            "assume_role_policy": "{\"Statement\":[{\"Action\":\"sts:AssumeRole\",\"Effect\":\"Allow\",\"Principal\":{\"Service\":\"lambda.amazonaws.com\"}}],\"Version\":\"2012-10-17\"}",
            "create_date": "2025-10-15T01:56:53Z",
            "description": "",
            "force_detach_policies": false,
            "id": "updateProductsFunction-role",
            "inline_policy": [
              {
                "name": "updateProductsFunction-policy",
                "policy": "{\"Version\":\"2012-10-17\",\"Statement\":[{\"Action\":[\"logs:PutLogEvents\",\"logs:CreateLogStream\",\"logs:CreateLogGroup\"],\"Effect\":\"Allow\",\"Resource\":\"arn:aws:logs:*:*:*\"},{\"Action\":[\"ec2:DetachNetworkInterface\",\"ec2:DescribeNetworkInterfaces\",\"ec2:DeleteNetworkInterface\",\"ec2:CreateNetworkInterface\",\"ec2:AttachNetworkInterface\"],\"Effect\":\"Allow\",\"Resource\":\"*\"},{\"Action\":[\"s3:PutObject\",\"s3:ListBucket\",\"s3:GetObject\",\"s3:DeleteObject\"],\"Effect\":\"Allow\",\"Resource\":[\"arn:aws:s3:::catalog-uploads-bucket/*\",\"arn:aws:s3:::catalog-uploads-bucket\"]}]}"
              }
            ],
            "managed_policy_arns": [],
            "max_session_duration": 3600,
            "name": "updateProductsFunction-role",
            "name_prefix": "",
            "path": "/",
            "permissions_boundary": "",
            "tags": {},
            "tags_all": {},
            "unique_id": "AROARHT52QI5MD4ZHIX7F"
          },
          "sensitive_attributes": [],
          "identity_schema_version": 0,
          "private": "bnVsbA==",
          "create_before_destroy": true
        }
      ]
    },
    {
      "mode": "managed",
      "type": "aws_iam_role_policy",
      "name": "lambda_policy",
      "provider": "provider[\"registry.terraform.io/hashicorp/aws\"]",
      "instances": [
        {
          "schema_version": 0,
          "attributes": {
            "id": "updateProductsFunction-role:updateProductsFunction-policy",
            "name": "updateProductsFunction-policy",
            "name_prefix": "",
            "policy": "{\"Version\":\"2012-10-17\",\"Statement\":[{\"Action\":[\"logs:PutLogEvents\",\"logs:CreateLogStream\",\"logs:CreateLogGroup\"],\"Effect\":\"Allow\",\"Resource\":\"arn:aws:logs:*:*:*\"},{\"Action\":[\"ec2:DetachNetworkInterface\",\"ec2:DescribeNetworkInterfaces\",\"ec2:DeleteNetworkInterface\",\"ec2:CreateNetworkInterface\",\"ec2:AttachNetworkInterface\"],\"Effect\":\"Allow\",\"Resource\":\"*\"},{\"Action\":[\"s3:PutObject\",\"s3:ListBucket\",\"s3:GetObject\",\"s3:DeleteObject\"],\"Effect\":\"Allow\",\"Resource\":[\"arn:aws:s3:::catalog-uploads-bucket/*\",\"arn:aws:s3:::catalog-uploads-bucket\"]}]}",
            "role": "updateProductsFunction-role"
          },
          "sensitive_attributes": [],
          "identity_schema_version": 0,
          "private": "bnVsbA==",
          "dependencies": [
            "aws_iam_role.lambda_role",
            "data.aws_iam_policy_document.lambda_policy_doc"
          ],
          "create_before_destroy": true
        }
      ]
    },
    {
      "mode": "managed",
      "type": "aws_internet_gateway",
      "name": "main",
      "provider": "provider[\"registry.terraform.io/hashicorp/aws\"]",
      "instances": [
        {
          "schema_version": 0,
          "attributes": {
            "arn": "arn:aws:ec2:us-east-2:085089485370:internet-gateway/igw-0403713a004eb4518",
            "id": "igw-0403713a004eb4518",
            "owner_id": "085089485370",
            "tags": {},
            "tags_all": {},
            "timeouts": null,
            "vpc_id": "vpc-08765702ccf77c239"
          },
          "sensitive_attributes": [],
          "identity_schema_version": 0,
          "private": "eyJlMmJmYjczMC1lY2FhLTExZTYtOGY4OC0zNDM2M2JjN2M0YzAiOnsiY3JlYXRlIjoxMjAwMDAwMDAwMDAwLCJkZWxldGUiOjEyMDAwMDAwMDAwMDAsInVwZGF0ZSI6MTIwMDAwMDAwMDAwMH19",
          "dependencies": [
            "aws_vpc.main"
          ]
        }
      ]
    },
    {
      "mode": "managed",
      "type": "aws_lambda_function",
      "name": "redis_lambda",
      "provider": "provider[\"registry.terraform.io/hashicorp/aws\"]",
      "instances": [
        {
          "schema_version": 0,
          "attributes": {
            "architectures": [
              "x86_64"
            ],
            "arn": "arn:aws:lambda:us-east-2:085089485370:function:updateProductsFunction",
            "code_sha256": "5AF8EVUOAmOJ/qnWGMQOHs0M5wwaZ79dhVjAbAFqz88=",
            "code_signing_config_arn": "",
            "dead_letter_config": [],
            "description": "",
            "environment": [
              {
                "variables": {
                  "REDIS_ENDPOINT": "my-redis-cluster.87s0se.0001.use2.cache.amazonaws.com",
                  "REDIS_PORT": "6379",
                  "S3_BUCKET": "catalog-uploads-bucket"
                }
              }
            ],
            "ephemeral_storage": [
              {
                "size": 512
              }
            ],
            "file_system_config": [],
            "filename": "../lambda_function.zip",
            "function_name": "updateProductsFunction",
            "handler": "handlers/catalogUpdate.handler",
            "id": "updateProductsFunction",
            "image_config": [],
            "image_uri": "",
            "invoke_arn": "arn:aws:apigateway:us-east-2:lambda:path/2015-03-31/functions/arn:aws:lambda:us-east-2:085089485370:function:updateProductsFunction/invocations",
            "kms_key_arn": "",
            "last_modified": "2025-10-15T02:06:50.721+0000",
            "layers": [],
            "logging_config": [
              {
                "application_log_level": "",
                "log_format": "Text",
                "log_group": "/aws/lambda/updateProductsFunction",
                "system_log_level": ""
              }
            ],
            "memory_size": 128,
            "package_type": "Zip",
            "publish": false,
            "qualified_arn": "arn:aws:lambda:us-east-2:085089485370:function:updateProductsFunction:$LATEST",
            "qualified_invoke_arn": "arn:aws:apigateway:us-east-2:lambda:path/2015-03-31/functions/arn:aws:lambda:us-east-2:085089485370:function:updateProductsFunction:$LATEST/invocations",
            "replace_security_groups_on_destroy": null,
            "replacement_security_group_ids": null,
            "reserved_concurrent_executions": -1,
            "role": "arn:aws:iam::085089485370:role/updateProductsFunction-role",
            "runtime": "nodejs20.x",
            "s3_bucket": null,
            "s3_key": null,
            "s3_object_version": null,
            "signing_job_arn": "",
            "signing_profile_version_arn": "",
            "skip_destroy": false,
            "snap_start": [],
            "source_code_hash": "sBx1JBqf0nKZclxfGvSyV2Fsc8G5QLOLqJI/ZjSJfQQ=",
            "source_code_size": 308390,
            "tags": {},
            "tags_all": {},
            "timeout": 30,
            "timeouts": null,
            "tracing_config": [
              {
                "mode": "PassThrough"
              }
            ],
            "version": "$LATEST",
            "vpc_config": [
              {
                "ipv6_allowed_for_dual_stack": false,
                "security_group_ids": [
                  "sg-0fb6e14d8cc09a96a"
                ],
                "subnet_ids": [
                  "subnet-070cc0250fa2adc7c",
                  "subnet-0d08a3f153ee4fa86"
                ],
                "vpc_id": "vpc-08765702ccf77c239"
              }
            ]
          },
          "sensitive_attributes": [],
          "identity_schema_version": 0,
          "private": "eyJlMmJmYjczMC1lY2FhLTExZTYtOGY4OC0zNDM2M2JjN2M0YzAiOnsiY3JlYXRlIjo2MDAwMDAwMDAwMDAsImRlbGV0ZSI6NjAwMDAwMDAwMDAwLCJ1cGRhdGUiOjYwMDAwMDAwMDAwMH19",
          "dependencies": [
            "aws_elasticache_cluster.redis_cluster",
            "aws_elasticache_subnet_group.redis_subnet_group",
            "aws_iam_role.lambda_role",
            "aws_iam_role_policy.lambda_policy",
            "aws_s3_bucket.catalog_uploads",
            "aws_security_group.lambda_security_group",
            "aws_security_group.redis_security_group",
            "aws_subnet.private",
            "aws_vpc.main",
            "data.archive_file.lambda_function",
            "data.aws_availability_zones.available",
            "data.aws_iam_policy_document.lambda_policy_doc"
          ],
          "create_before_destroy": true
        }
      ]
    },
    {
      "mode": "managed",
      "type": "aws_lambda_permission",
      "name": "api_gateway_permission",
      "provider": "provider[\"registry.terraform.io/hashicorp/aws\"]",
      "instances": [
        {
          "schema_version": 0,
          "attributes": {
            "action": "lambda:InvokeFunction",
            "event_source_token": null,
            "function_name": "updateProductsFunction",
            "function_url_auth_type": null,
            "id": "AllowAPIGatewayInvoke",
            "principal": "apigateway.amazonaws.com",
            "principal_org_id": null,
            "qualifier": "",
            "source_account": null,
            "source_arn": "arn:aws:execute-api:us-east-2:085089485370:idnlplugj4/*/*",
            "statement_id": "AllowAPIGatewayInvoke",
            "statement_id_prefix": ""
          },
          "sensitive_attributes": [],
          "identity_schema_version": 0,
          "private": "bnVsbA==",
          "dependencies": [
            "aws_api_gateway_rest_api.lambda_api",
            "aws_elasticache_cluster.redis_cluster",
            "aws_elasticache_subnet_group.redis_subnet_group",
            "aws_iam_role.lambda_role",
            "aws_iam_role_policy.lambda_policy",
            "aws_lambda_function.redis_lambda",
            "aws_s3_bucket.catalog_uploads",
            "aws_security_group.lambda_security_group",
            "aws_security_group.redis_security_group",
            "aws_subnet.private",
            "aws_vpc.main",
            "data.archive_file.lambda_function",
            "data.aws_availability_zones.available",
            "data.aws_iam_policy_document.lambda_policy_doc"
          ]
        }
      ]
    },
    {
      "mode": "managed",
      "type": "aws_route_table",
      "name": "private",
      "provider": "provider[\"registry.terraform.io/hashicorp/aws\"]",
      "instances": [
        {
          "schema_version": 0,
          "attributes": {
            "arn": "arn:aws:ec2:us-east-2:085089485370:route-table/rtb-0ec5f46e60870c299",
            "id": "rtb-0ec5f46e60870c299",
            "owner_id": "085089485370",
            "propagating_vgws": [],
            "route": [],
            "tags": {},
            "tags_all": {},
            "timeouts": null,
            "vpc_id": "vpc-08765702ccf77c239"
          },
          "sensitive_attributes": [],
          "identity_schema_version": 0,
          "private": "eyJlMmJmYjczMC1lY2FhLTExZTYtOGY4OC0zNDM2M2JjN2M0YzAiOnsiY3JlYXRlIjozMDAwMDAwMDAwMDAsImRlbGV0ZSI6MzAwMDAwMDAwMDAwLCJ1cGRhdGUiOjEyMDAwMDAwMDAwMH19",
          "dependencies": [
            "aws_vpc.main"
          ]
        }
      ]
    },
    {
      "mode": "managed",
      "type": "aws_route_table",
      "name": "public",
      "provider": "provider[\"registry.terraform.io/hashicorp/aws\"]",
      "instances": [
        {
          "schema_version": 0,
          "attributes": {
            "arn": "arn:aws:ec2:us-east-2:085089485370:route-table/rtb-055f8ad2118dce038",
            "id": "rtb-055f8ad2118dce038",
            "owner_id": "085089485370",
            "propagating_vgws": [],
            "route": [
              {
                "carrier_gateway_id": "",
                "cidr_block": "0.0.0.0/0",
                "core_network_arn": "",
                "destination_prefix_list_id": "",
                "egress_only_gateway_id": "",
                "gateway_id": "igw-0403713a004eb4518",
                "ipv6_cidr_block": "",
                "local_gateway_id": "",
                "nat_gateway_id": "",
                "network_interface_id": "",
                "transit_gateway_id": "",
                "vpc_endpoint_id": "",
                "vpc_peering_connection_id": ""
              }
            ],
            "tags": {},
            "tags_all": {},
            "timeouts": null,
            "vpc_id": "vpc-08765702ccf77c239"
          },
          "sensitive_attributes": [],
          "identity_schema_version": 0,
          "private": "eyJlMmJmYjczMC1lY2FhLTExZTYtOGY4OC0zNDM2M2JjN2M0YzAiOnsiY3JlYXRlIjozMDAwMDAwMDAwMDAsImRlbGV0ZSI6MzAwMDAwMDAwMDAwLCJ1cGRhdGUiOjEyMDAwMDAwMDAwMH19",
          "dependencies": [
            "aws_internet_gateway.main",
            "aws_vpc.main"
          ]
        }
      ]
    },
    {
      "mode": "managed",
      "type": "aws_route_table_association",
      "name": "private",
      "provider": "provider[\"registry.terraform.io/hashicorp/aws\"]",
      "instances": [
        {
          "index_key": 0,
          "schema_version": 0,
          "attributes": {
            "gateway_id": "",
            "id": "rtbassoc-0fd0e8f103653535a",
            "route_table_id": "rtb-0ec5f46e60870c299",
            "subnet_id": "subnet-070cc0250fa2adc7c",
            "timeouts": null
          },
          "sensitive_attributes": [],
          "identity_schema_version": 0,
          "private": "eyJlMmJmYjczMC1lY2FhLTExZTYtOGY4OC0zNDM2M2JjN2M0YzAiOnsiY3JlYXRlIjozMDAwMDAwMDAwMDAsImRlbGV0ZSI6MzAwMDAwMDAwMDAwLCJ1cGRhdGUiOjEyMDAwMDAwMDAwMH19",
          "dependencies": [
            "aws_route_table.private",
            "aws_subnet.private",
            "aws_vpc.main",
            "data.aws_availability_zones.available"
          ]
        },
        {
          "index_key": 1,
          "schema_version": 0,
          "attributes": {
            "gateway_id": "",
            "id": "rtbassoc-09e844ccb44b62919",
            "route_table_id": "rtb-0ec5f46e60870c299",
            "subnet_id": "subnet-0d08a3f153ee4fa86",
            "timeouts": null
          },
          "sensitive_attributes": [],
          "identity_schema_version": 0,
          "private": "eyJlMmJmYjczMC1lY2FhLTExZTYtOGY4OC0zNDM2M2JjN2M0YzAiOnsiY3JlYXRlIjozMDAwMDAwMDAwMDAsImRlbGV0ZSI6MzAwMDAwMDAwMDAwLCJ1cGRhdGUiOjEyMDAwMDAwMDAwMH19",
          "dependencies": [
            "aws_route_table.private",
            "aws_subnet.private",
            "aws_vpc.main",
            "data.aws_availability_zones.available"
          ]
        }
      ]
    },
    {
      "mode": "managed",
      "type": "aws_route_table_association",
      "name": "public",
      "provider": "provider[\"registry.terraform.io/hashicorp/aws\"]",
      "instances": [
        {
          "index_key": 0,
          "schema_version": 0,
          "attributes": {
            "gateway_id": "",
            "id": "rtbassoc-093643016100e1943",
            "route_table_id": "rtb-055f8ad2118dce038",
            "subnet_id": "subnet-01984cfb9247c7a52",
            "timeouts": null
          },
          "sensitive_attributes": [],
          "identity_schema_version": 0,
          "private": "eyJlMmJmYjczMC1lY2FhLTExZTYtOGY4OC0zNDM2M2JjN2M0YzAiOnsiY3JlYXRlIjozMDAwMDAwMDAwMDAsImRlbGV0ZSI6MzAwMDAwMDAwMDAwLCJ1cGRhdGUiOjEyMDAwMDAwMDAwMH19",
          "dependencies": [
            "aws_internet_gateway.main",
            "aws_route_table.public",
            "aws_subnet.public",
            "aws_vpc.main"
          ]
        },
        {
          "index_key": 1,
          "schema_version": 0,
          "attributes": {
            "gateway_id": "",
            "id": "rtbassoc-088aee1f290b42716",
            "route_table_id": "rtb-055f8ad2118dce038",
            "subnet_id": "subnet-0a24e9965d91b4a2e",
            "timeouts": null
          },
          "sensitive_attributes": [],
          "identity_schema_version": 0,
          "private": "eyJlMmJmYjczMC1lY2FhLTExZTYtOGY4OC0zNDM2M2JjN2M0YzAiOnsiY3JlYXRlIjozMDAwMDAwMDAwMDAsImRlbGV0ZSI6MzAwMDAwMDAwMDAwLCJ1cGRhdGUiOjEyMDAwMDAwMDAwMH19",
          "dependencies": [
            "aws_internet_gateway.main",
            "aws_route_table.public",
            "aws_subnet.public",
            "aws_vpc.main"
          ]
        }
      ]
    },
    {
      "mode": "managed",
      "type": "aws_s3_bucket",
      "name": "catalog_uploads",
      "provider": "provider[\"registry.terraform.io/hashicorp/aws\"]",
      "instances": [
        {
          "schema_version": 0,
          "attributes": {
            "acceleration_status": "",
            "acl": null,
            "arn": "arn:aws:s3:::catalog-uploads-bucket",
            "bucket": "catalog-uploads-bucket",
            "bucket_domain_name": "catalog-uploads-bucket.s3.amazonaws.com",
            "bucket_prefix": "",
            "bucket_regional_domain_name": "catalog-uploads-bucket.s3.us-east-2.amazonaws.com",
            "cors_rule": [],
            "force_destroy": true,
            "grant": [
              {
                "id": "547a9baa0c20dce94e540377e685afd221fce6d1b9a47c9f15151f2afcda3269",
                "permissions": [
                  "FULL_CONTROL"
                ],
                "type": "CanonicalUser",
                "uri": ""
              }
            ],
            "hosted_zone_id": "Z2O1EMRO9K5GLX",
            "id": "catalog-uploads-bucket",
            "lifecycle_rule": [
              {
                "abort_incomplete_multipart_upload_days": 0,
                "enabled": true,
                "expiration": [
                  {
                    "date": "",
                    "days": 30,
                    "expired_object_delete_marker": false
                  }
                ],
                "id": "delete-old-csv-files",
                "noncurrent_version_expiration": [],
                "noncurrent_version_transition": [],
                "prefix": "",
                "tags": {},
                "transition": []
              }
            ],
            "logging": [],
            "object_lock_configuration": [],
            "object_lock_enabled": false,
            "policy": "",
            "region": "us-east-2",
            "replication_configuration": [],
            "request_payer": "BucketOwner",
            "server_side_encryption_configuration": [
              {
                "rule": [
                  {
                    "apply_server_side_encryption_by_default": [
                      {
                        "kms_master_key_id": "",
                        "sse_algorithm": "AES256"
                      }
                    ],
                    "bucket_key_enabled": false
                  }
                ]
              }
            ],
            "tags": {
              "Environment": "dev",
              "ManagedBy": "Terraform",
              "Name": "catalog-uploads-bucket",
              "Purpose": "Catalog CSV uploads for Redis cluster"
            },
            "tags_all": {
              "Environment": "dev",
              "ManagedBy": "Terraform",
              "Name": "catalog-uploads-bucket",
              "Purpose": "Catalog CSV uploads for Redis cluster"
            },
            "timeouts": null,
            "versioning": [
              {
                "enabled": false,
                "mfa_delete": false
              }
            ],
            "website": [],
            "website_domain": null,
            "website_endpoint": null
          },
          "sensitive_attributes": [],
          "identity_schema_version": 0,
          "private": "eyJlMmJmYjczMC1lY2FhLTExZTYtOGY4OC0zNDM2M2JjN2M0YzAiOnsiY3JlYXRlIjoxMjAwMDAwMDAwMDAwLCJkZWxldGUiOjM2MDAwMDAwMDAwMDAsInJlYWQiOjEyMDAwMDAwMDAwMDAsInVwZGF0ZSI6MTIwMDAwMDAwMDAwMH19",
          "create_before_destroy": true
        }
      ]
    },
    {
      "mode": "managed",
      "type": "aws_s3_bucket_lifecycle_configuration",
      "name": "catalog_uploads_lifecycle",
      "provider": "provider[\"registry.terraform.io/hashicorp/aws\"]",
      "instances": [
        {
          "schema_version": 1,
          "attributes": {
            "bucket": "catalog-uploads-bucket",
            "expected_bucket_owner": "",
            "id": "catalog-uploads-bucket",
            "rule": [
              {
                "abort_incomplete_multipart_upload": [],
                "expiration": [
                  {
                    "date": null,
                    "days": 30,
                    "expired_object_delete_marker": false
                  }
                ],
                "filter": [
                  {
                    "and": [],
                    "object_size_greater_than": null,
                    "object_size_less_than": null,
                    "prefix": "",
                    "tag": []
                  }
                ],
                "id": "delete-old-csv-files",
                "noncurrent_version_expiration": [],
                "noncurrent_version_transition": [],
                "prefix": "",
                "status": "Enabled",
                "transition": []
              }
            ],
            "timeouts": null,
            "transition_default_minimum_object_size": "all_storage_classes_128K"
          },
          "sensitive_attributes": [],
          "identity_schema_version": 0,
          "dependencies": [
            "aws_s3_bucket.catalog_uploads"
          ]
        }
      ]
    },
    {
      "mode": "managed",
      "type": "aws_s3_bucket_server_side_encryption_configuration",
      "name": "catalog_uploads_encryption",
      "provider": "provider[\"registry.terraform.io/hashicorp/aws\"]",
      "instances": [
        {
          "schema_version": 0,
          "attributes": {
            "bucket": "catalog-uploads-bucket",
            "expected_bucket_owner": "",
            "id": "catalog-uploads-bucket",
            "rule": [
              {
                "apply_server_side_encryption_by_default": [
                  {
                    "kms_master_key_id": "",
                    "sse_algorithm": "AES256"
                  }
                ],
                "bucket_key_enabled": false
              }
            ]
          },
          "sensitive_attributes": [],
          "identity_schema_version": 0,
          "private": "bnVsbA==",
          "dependencies": [
            "aws_s3_bucket.catalog_uploads"
          ]
        }
      ]
    },
    {
      "mode": "managed",
      "type": "aws_security_group",
      "name": "lambda_security_group",
      "provider": "provider[\"registry.terraform.io/hashicorp/aws\"]",
      "instances": [
        {
          "schema_version": 1,
          "attributes": {
            "arn": "arn:aws:ec2:us-east-2:085089485370:security-group/sg-0fb6e14d8cc09a96a",
            "description": "Security group for Lambda function",
            "egress": [
              {
                "cidr_blocks": [
                  "0.0.0.0/0"
                ],
                "description": "",
                "from_port": 0,
                "ipv6_cidr_blocks": [],
                "prefix_list_ids": [],
                "protocol": "-1",
                "security_groups": [],
                "self": false,
                "to_port": 0
              }
            ],
            "id": "sg-0fb6e14d8cc09a96a",
            "ingress": [],
            "name": "updateProductsFunction-sg",
            "name_prefix": "",
            "owner_id": "085089485370",
            "revoke_rules_on_delete": false,
            "tags": {},
            "tags_all": {},
            "timeouts": null,
            "vpc_id": "vpc-08765702ccf77c239"
          },
          "sensitive_attributes": [],
          "identity_schema_version": 0,
          "private": "eyJlMmJmYjczMC1lY2FhLTExZTYtOGY4OC0zNDM2M2JjN2M0YzAiOnsiY3JlYXRlIjo2MDAwMDAwMDAwMDAsImRlbGV0ZSI6OTAwMDAwMDAwMDAwfSwic2NoZW1hX3ZlcnNpb24iOiIxIn0=",
          "dependencies": [
            "aws_vpc.main"
          ],
          "create_before_destroy": true
        }
      ]
    },
    {
      "mode": "managed",
      "type": "aws_security_group",
      "name": "redis_security_group",
      "provider": "provider[\"registry.terraform.io/hashicorp/aws\"]",
      "instances": [
        {
          "schema_version": 1,
          "attributes": {
            "arn": "arn:aws:ec2:us-east-2:085089485370:security-group/sg-0e8a1a83a8d0bc0ab",
            "description": "Security group for Redis cluster",
            "egress": [
              {
                "cidr_blocks": [
                  "0.0.0.0/0"
                ],
                "description": "",
                "from_port": 0,
                "ipv6_cidr_blocks": [],
                "prefix_list_ids": [],
                "protocol": "-1",
                "security_groups": [],
                "self": false,
                "to_port": 0
              }
            ],
            "id": "sg-0e8a1a83a8d0bc0ab",
            "ingress": [
              {
                "cidr_blocks": [],
                "description": "redis for lambda",
                "from_port": 6379,
                "ipv6_cidr_blocks": [],
                "prefix_list_ids": [],
                "protocol": "tcp",
                "security_groups": [
                  "sg-0fb6e14d8cc09a96a"
                ],
                "self": false,
                "to_port": 6379
              }
            ],
            "name": "my-redis-cluster-sg",
            "name_prefix": "",
            "owner_id": "085089485370",
            "revoke_rules_on_delete": false,
            "tags": {},
            "tags_all": {},
            "timeouts": null,
            "vpc_id": "vpc-08765702ccf77c239"
          },
          "sensitive_attributes": [],
          "identity_schema_version": 0,
          "private": "eyJlMmJmYjczMC1lY2FhLTExZTYtOGY4OC0zNDM2M2JjN2M0YzAiOnsiY3JlYXRlIjo2MDAwMDAwMDAwMDAsImRlbGV0ZSI6OTAwMDAwMDAwMDAwfSwic2NoZW1hX3ZlcnNpb24iOiIxIn0=",
          "dependencies": [
            "aws_security_group.lambda_security_group",
            "aws_vpc.main"
          ],
          "create_before_destroy": true
        }
      ]
    },
    {
      "mode": "managed",
      "type": "aws_subnet",
      "name": "private",
      "provider": "provider[\"registry.terraform.io/hashicorp/aws\"]",
      "instances": [
        {
          "index_key": 0,
          "schema_version": 1,
          "attributes": {
            "arn": "arn:aws:ec2:us-east-2:085089485370:subnet/subnet-070cc0250fa2adc7c",
            "assign_ipv6_address_on_creation": false,
            "availability_zone": "us-east-2a",
            "availability_zone_id": "use2-az1",
            "cidr_block": "10.0.101.0/24",
            "customer_owned_ipv4_pool": "",
            "enable_dns64": false,
            "enable_lni_at_device_index": 0,
            "enable_resource_name_dns_a_record_on_launch": false,
            "enable_resource_name_dns_aaaa_record_on_launch": false,
            "id": "subnet-070cc0250fa2adc7c",
            "ipv6_cidr_block": "",
            "ipv6_cidr_block_association_id": "",
            "ipv6_native": false,
            "map_customer_owned_ip_on_launch": false,
            "map_public_ip_on_launch": false,
            "outpost_arn": "",
            "owner_id": "085089485370",
            "private_dns_hostname_type_on_launch": "ip-name",
            "tags": {},
            "tags_all": {},
            "timeouts": null,
            "vpc_id": "vpc-08765702ccf77c239"
          },
          "sensitive_attributes": [],
          "identity_schema_version": 0,
          "private": "eyJlMmJmYjczMC1lY2FhLTExZTYtOGY4OC0zNDM2M2JjN2M0YzAiOnsiY3JlYXRlIjo2MDAwMDAwMDAwMDAsImRlbGV0ZSI6MTIwMDAwMDAwMDAwMH0sInNjaGVtYV92ZXJzaW9uIjoiMSJ9",
          "dependencies": [
            "aws_vpc.main",
            "data.aws_availability_zones.available"
          ],
          "create_before_destroy": true
        },
        {
          "index_key": 1,
          "schema_version": 1,
          "attributes": {
            "arn": "arn:aws:ec2:us-east-2:085089485370:subnet/subnet-0d08a3f153ee4fa86",
            "assign_ipv6_address_on_creation": false,
            "availability_zone": "us-east-2b",
            "availability_zone_id": "use2-az2",
            "cidr_block": "10.0.102.0/24",
            "customer_owned_ipv4_pool": "",
            "enable_dns64": false,
            "enable_lni_at_device_index": 0,
            "enable_resource_name_dns_a_record_on_launch": false,
            "enable_resource_name_dns_aaaa_record_on_launch": false,
            "id": "subnet-0d08a3f153ee4fa86",
            "ipv6_cidr_block": "",
            "ipv6_cidr_block_association_id": "",
            "ipv6_native": false,
            "map_customer_owned_ip_on_launch": false,
            "map_public_ip_on_launch": false,
            "outpost_arn": "",
            "owner_id": "085089485370",
            "private_dns_hostname_type_on_launch": "ip-name",
            "tags": {},
            "tags_all": {},
            "timeouts": null,
            "vpc_id": "vpc-08765702ccf77c239"
          },
          "sensitive_attributes": [],
          "identity_schema_version": 0,
          "private": "eyJlMmJmYjczMC1lY2FhLTExZTYtOGY4OC0zNDM2M2JjN2M0YzAiOnsiY3JlYXRlIjo2MDAwMDAwMDAwMDAsImRlbGV0ZSI6MTIwMDAwMDAwMDAwMH0sInNjaGVtYV92ZXJzaW9uIjoiMSJ9",
          "dependencies": [
            "aws_vpc.main",
            "data.aws_availability_zones.available"
          ],
          "create_before_destroy": true
        }
      ]
    },
    {
      "mode": "managed",
      "type": "aws_subnet",
      "name": "public",
      "provider": "provider[\"registry.terraform.io/hashicorp/aws\"]",
      "instances": [
        {
          "index_key": 0,
          "schema_version": 1,
          "attributes": {
            "arn": "arn:aws:ec2:us-east-2:085089485370:subnet/subnet-01984cfb9247c7a52",
            "assign_ipv6_address_on_creation": false,
            "availability_zone": "us-east-2a",
            "availability_zone_id": "use2-az1",
            "cidr_block": "10.0.1.0/24",
            "customer_owned_ipv4_pool": "",
            "enable_dns64": false,
            "enable_lni_at_device_index": 0,
            "enable_resource_name_dns_a_record_on_launch": false,
            "enable_resource_name_dns_aaaa_record_on_launch": false,
            "id": "subnet-01984cfb9247c7a52",
            "ipv6_cidr_block": "",
            "ipv6_cidr_block_association_id": "",
            "ipv6_native": false,
            "map_customer_owned_ip_on_launch": false,
            "map_public_ip_on_launch": false,
            "outpost_arn": "",
            "owner_id": "085089485370",
            "private_dns_hostname_type_on_launch": "ip-name",
            "tags": {},
            "tags_all": {},
            "timeouts": null,
            "vpc_id": "vpc-08765702ccf77c239"
          },
          "sensitive_attributes": [],
          "identity_schema_version": 0,
          "private": "eyJlMmJmYjczMC1lY2FhLTExZTYtOGY4OC0zNDM2M2JjN2M0YzAiOnsiY3JlYXRlIjo2MDAwMDAwMDAwMDAsImRlbGV0ZSI6MTIwMDAwMDAwMDAwMH0sInNjaGVtYV92ZXJzaW9uIjoiMSJ9",
          "dependencies": [
            "aws_vpc.main"
          ]
        },
        {
          "index_key": 1,
          "schema_version": 1,
          "attributes": {
            "arn": "arn:aws:ec2:us-east-2:085089485370:subnet/subnet-0a24e9965d91b4a2e",
            "assign_ipv6_address_on_creation": false,
            "availability_zone": "us-east-2b",
            "availability_zone_id": "use2-az2",
            "cidr_block": "10.0.2.0/24",
            "customer_owned_ipv4_pool": "",
            "enable_dns64": false,
            "enable_lni_at_device_index": 0,
            "enable_resource_name_dns_a_record_on_launch": false,
            "enable_resource_name_dns_aaaa_record_on_launch": false,
            "id": "subnet-0a24e9965d91b4a2e",
            "ipv6_cidr_block": "",
            "ipv6_cidr_block_association_id": "",
            "ipv6_native": false,
            "map_customer_owned_ip_on_launch": false,
            "map_public_ip_on_launch": false,
            "outpost_arn": "",
            "owner_id": "085089485370",
            "private_dns_hostname_type_on_launch": "ip-name",
            "tags": {},
            "tags_all": {},
            "timeouts": null,
            "vpc_id": "vpc-08765702ccf77c239"
          },
          "sensitive_attributes": [],
          "identity_schema_version": 0,
          "private": "eyJlMmJmYjczMC1lY2FhLTExZTYtOGY4OC0zNDM2M2JjN2M0YzAiOnsiY3JlYXRlIjo2MDAwMDAwMDAwMDAsImRlbGV0ZSI6MTIwMDAwMDAwMDAwMH0sInNjaGVtYV92ZXJzaW9uIjoiMSJ9",
          "dependencies": [
            "aws_vpc.main"
          ]
        }
      ]
    },
    {
      "mode": "managed",
      "type": "aws_vpc",
      "name": "main",
      "provider": "provider[\"registry.terraform.io/hashicorp/aws\"]",
      "instances": [
        {
          "schema_version": 1,
          "attributes": {
            "arn": "arn:aws:ec2:us-east-2:085089485370:vpc/vpc-08765702ccf77c239",
            "assign_generated_ipv6_cidr_block": false,
            "cidr_block": "10.0.0.0/16",
            "default_network_acl_id": "acl-03d31754bd813e6d8",
            "default_route_table_id": "rtb-0825013c1759e39f0",
            "default_security_group_id": "sg-0be42703fd5ef852b",
            "dhcp_options_id": "dopt-00774659f581920b7",
            "enable_dns_hostnames": true,
            "enable_dns_support": true,
            "enable_network_address_usage_metrics": false,
            "id": "vpc-08765702ccf77c239",
            "instance_tenancy": "default",
            "ipv4_ipam_pool_id": null,
            "ipv4_netmask_length": null,
            "ipv6_association_id": "",
            "ipv6_cidr_block": "",
            "ipv6_cidr_block_network_border_group": "",
            "ipv6_ipam_pool_id": "",
            "ipv6_netmask_length": 0,
            "main_route_table_id": "rtb-0825013c1759e39f0",
            "owner_id": "085089485370",
            "tags": {},
            "tags_all": {}
          },
          "sensitive_attributes": [],
          "identity_schema_version": 0,
          "private": "eyJzY2hlbWFfdmVyc2lvbiI6IjEifQ==",
          "create_before_destroy": true
        }
      ]
    },
    {
      "mode": "managed",
      "type": "aws_vpc_endpoint",
      "name": "s3",
      "provider": "provider[\"registry.terraform.io/hashicorp/aws\"]",
      "instances": [
        {
          "schema_version": 0,
          "attributes": {
            "arn": "arn:aws:ec2:us-east-2:085089485370:vpc-endpoint/vpce-0b49f207239da83d8",
            "auto_accept": null,
            "cidr_blocks": [
              "18.34.252.0/22",
              "52.219.141.0/24",
              "18.34.72.0/21",
              "52.219.96.0/20",
              "52.219.224.0/21",
              "16.12.60.0/22",
              "52.219.232.0/22",
              "52.219.80.0/20",
              "3.5.128.0/22",
              "52.219.142.0/23",
              "3.5.132.0/23",
              "16.12.64.0/22",
              "52.219.212.0/22",
              "52.219.176.0/22"
            ],
            "dns_entry": [],
            "dns_options": [
              {
                "dns_record_ip_type": "service-defined",
                "private_dns_only_for_inbound_resolver_endpoint": false
              }
            ],
            "id": "vpce-0b49f207239da83d8",
            "ip_address_type": "ipv4",
            "network_interface_ids": [],
            "owner_id": "085089485370",
            "policy": "{\"Statement\":[{\"Action\":\"s3:*\",\"Effect\":\"Allow\",\"Principal\":\"*\",\"Resource\":\"*\"}],\"Version\":\"2012-10-17\"}",
            "prefix_list_id": "pl-7ba54012",
            "private_dns_enabled": false,
            "requester_managed": false,
            "resource_configuration_arn": "",
            "route_table_ids": [
              "rtb-055f8ad2118dce038",
              "rtb-0ec5f46e60870c299"
            ],
            "security_group_ids": [],
            "service_name": "com.amazonaws.us-east-2.s3",
            "service_network_arn": "",
            "service_region": "us-east-2",
            "state": "available",
            "subnet_configuration": [],
            "subnet_ids": [],
            "tags": {
              "Environment": "Production",
              "ManagedBy": "Terraform",
              "Name": "s3-vpc-endpoint"
            },
            "tags_all": {
              "Environment": "Production",
              "ManagedBy": "Terraform",
              "Name": "s3-vpc-endpoint"
            },
            "timeouts": null,
            "vpc_endpoint_type": "Gateway",
            "vpc_id": "vpc-08765702ccf77c239"
          },
          "sensitive_attributes": [],
          "identity_schema_version": 0,
          "private": "eyJlMmJmYjczMC1lY2FhLTExZTYtOGY4OC0zNDM2M2JjN2M0YzAiOnsiY3JlYXRlIjo2MDAwMDAwMDAwMDAsImRlbGV0ZSI6NjAwMDAwMDAwMDAwLCJ1cGRhdGUiOjYwMDAwMDAwMDAwMH19",
          "dependencies": [
            "aws_internet_gateway.main",
            "aws_route_table.private",
            "aws_route_table.public",
            "aws_vpc.main"
          ]
        }
      ]
    },
    {
      "mode": "managed",
      "type": "aws_vpc_endpoint_policy",
      "name": "s3_policy",
      "provider": "provider[\"registry.terraform.io/hashicorp/aws\"]",
      "instances": [
        {
          "schema_version": 0,
          "attributes": {
            "id": "vpce-0b49f207239da83d8",
            "policy": "{\"Statement\":[{\"Action\":\"s3:*\",\"Effect\":\"Allow\",\"Principal\":\"*\",\"Resource\":\"*\"}],\"Version\":\"2012-10-17\"}",
            "timeouts": null,
            "vpc_endpoint_id": "vpce-0b49f207239da83d8"
          },
          "sensitive_attributes": [],
          "identity_schema_version": 0,
          "private": "eyJlMmJmYjczMC1lY2FhLTExZTYtOGY4OC0zNDM2M2JjN2M0YzAiOnsiY3JlYXRlIjo2MDAwMDAwMDAwMDAsImRlbGV0ZSI6NjAwMDAwMDAwMDAwfX0=",
          "dependencies": [
            "aws_internet_gateway.main",
            "aws_route_table.private",
            "aws_route_table.public",
            "aws_vpc.main",
            "aws_vpc_endpoint.s3"
          ]
        }
      ]
    }
  ],
  "check_results": null
}
